
Microsoft Visual Studio Solution File, Format Version 12.00
# Visual Studio Version 16
VisualStudioVersion = 16.0.28803.202
MinimumVisualStudioVersion = 10.0.40219.1
Project("{8BC9CEB8-8B4A-11D0-8D11-00A0C91BC942}") = "Hello_World", "Hello_World.vcxproj", "{BD5F53F5-1F84-4C86-8E7D-21EC4AD9487B}"
EndProject
Global
	GlobalSection(SolutionConfigurationPlatforms) = preSolution
		Debug|x64 = Debug|x64
		Release|x64 = Release|x64
	EndGlobalSection
	GlobalSection(ProjectConfigurationPlatforms) = postSolution
		{BD5F53F5-1F84-4C86-8E7D-21EC4AD9487B}.Debug|x64.ActiveCfg = Debug|x64
		{BD5F53F5-1F84-4C86-8E7D-21EC4AD9487B}.Debug|x64.Build.0 = Debug|x64
		{BD5F53F5-1F84-4C86-8E7D-21EC4AD9487B}.Release|x64.ActiveCfg = Release|x64
		{BD5F53F5-1F84-4C86-8E7D-21EC4AD9487B}.Release|x64.Build.0 = Release|x64
	EndGlobalSection
	GlobalSection(SolutionProperties) = preSolution
		HideSolutionNode = FALSE
	EndGlobalSection
	GlobalSection(ExtensibilityGlobals) = postSolution
		SolutionGuid = {E887279C-C8C4-40F6-AB85-5FF553ED3D45}
	EndGlobalSection
EndGlobal
