
Microsoft Visual Studio Solution File, Format Version 12.00
# Visual Studio Version 16
VisualStudioVersion = 16.0.28803.202
MinimumVisualStudioVersion = 10.0.40219.1
Project("{8BC9CEB8-8B4A-11D0-8D11-00A0C91BC942}") = "Kernel_Call", "Kernel_Call.vcxproj", "{B2C8C8DC-764A-4E40-90DD-B2400AAF0FF9}"
EndProject
Global
	GlobalSection(SolutionConfigurationPlatforms) = preSolution
		Debug|x64 = Debug|x64
		Release|x64 = Release|x64
	EndGlobalSection
	GlobalSection(ProjectConfigurationPlatforms) = postSolution
		{B2C8C8DC-764A-4E40-90DD-B2400AAF0FF9}.Debug|x64.ActiveCfg = Debug|x64
		{B2C8C8DC-764A-4E40-90DD-B2400AAF0FF9}.Debug|x64.Build.0 = Debug|x64
		{B2C8C8DC-764A-4E40-90DD-B2400AAF0FF9}.Release|x64.ActiveCfg = Release|x64
		{B2C8C8DC-764A-4E40-90DD-B2400AAF0FF9}.Release|x64.Build.0 = Release|x64
	EndGlobalSection
	GlobalSection(SolutionProperties) = preSolution
		HideSolutionNode = FALSE
	EndGlobalSection
	GlobalSection(ExtensibilityGlobals) = postSolution
		SolutionGuid = {0AAB13CE-91A5-4984-B089-1F422410D276}
	EndGlobalSection
EndGlobal
